
Microsoft Visual Studio Solution File, Format Version 12.00
# Visual Studio Version 17
VisualStudioVersion = 17.4.33110.190
MinimumVisualStudioVersion = 10.0.40219.1
Project("{FAE04EC0-301F-11D3-BF4B-00C04F79EFBC}") = "ReactPeopleBasic.Web", "ReactPeopleBasic.Web\ReactPeopleBasic.Web.csproj", "{71A76153-A02C-4B65-B690-8CDA03733A74}"
EndProject
Global
	GlobalSection(SolutionConfigurationPlatforms) = preSolution
		Debug|Any CPU = Debug|Any CPU
		Release|Any CPU = Release|Any CPU
	EndGlobalSection
	GlobalSection(ProjectConfigurationPlatforms) = postSolution
		{71A76153-A02C-4B65-B690-8CDA03733A74}.Debug|Any CPU.ActiveCfg = Debug|Any CPU
		{71A76153-A02C-4B65-B690-8CDA03733A74}.Debug|Any CPU.Build.0 = Debug|Any CPU
		{71A76153-A02C-4B65-B690-8CDA03733A74}.Release|Any CPU.ActiveCfg = Release|Any CPU
		{71A76153-A02C-4B65-B690-8CDA03733A74}.Release|Any CPU.Build.0 = Release|Any CPU
	EndGlobalSection
	GlobalSection(SolutionProperties) = preSolution
		HideSolutionNode = FALSE
	EndGlobalSection
	GlobalSection(ExtensibilityGlobals) = postSolution
		SolutionGuid = {9CE016B3-F4A5-41B1-B348-7A10B636A144}
	EndGlobalSection
EndGlobal
